// !$*UTF8*$!
{
	archiveVersion = 1;
	classes = {
	};
	objectVersion = 51;
	objects = {

/* Begin PBXBuildFile section */
		6A266FE72794424700D05B8E /* CustomTableViewCell.swift in Sources */ = {isa = PBXBuildFile; fileRef = 6A266FE62794424700D05B8E /* CustomTableViewCell.swift */; };
		6A266FED2794524D00D05B8E /* CatPhoto.swift in Sources */ = {isa = PBXBuildFile; fileRef = 6A266FEC2794524D00D05B8E /* CatPhoto.swift */; };
		6A266FEF2794525900D05B8E /* DogPhoto.swift in Sources */ = {isa = PBXBuildFile; fileRef = 6A266FEE2794525900D05B8E /* DogPhoto.swift */; };
		6A266FF42794854C00D05B8E /* Service.swift in Sources */ = {isa = PBXBuildFile; fileRef = 6A266FF32794854C00D05B8E /* Service.swift */; };
		6A89111D278DE75F001DFEED /* AppDelegate.swift in Sources */ = {isa = PBXBuildFile; fileRef = 6A89111C278DE75F001DFEED /* AppDelegate.swift */; };
		6A89111F278DE75F001DFEED /* SceneDelegate.swift in Sources */ = {isa = PBXBuildFile; fileRef = 6A89111E278DE75F001DFEED /* SceneDelegate.swift */; };
		6A891121278DE75F001DFEED /* ViewController.swift in Sources */ = {isa = PBXBuildFile; fileRef = 6A891120278DE75F001DFEED /* ViewController.swift */; };
		6A891126278DE761001DFEED /* Assets.xcassets in Resources */ = {isa = PBXBuildFile; fileRef = 6A891125278DE761001DFEED /* Assets.xcassets */; };
		6A891129278DE761001DFEED /* LaunchScreen.storyboard in Resources */ = {isa = PBXBuildFile; fileRef = 6A891127278DE761001DFEED /* LaunchScreen.storyboard */; };
		AE52BA0B6F03DD4E28724DA1 /* Pods_14thWeek.framework in Frameworks */ = {isa = PBXBuildFile; fileRef = EE1631C490817627BEFFA111 /* Pods_14thWeek.framework */; };
/* End PBXBuildFile section */

/* Begin PBXFileReference section */
		6A266FE62794424700D05B8E /* CustomTableViewCell.swift */ = {isa = PBXFileReference; lastKnownFileType = sourcecode.swift; path = CustomTableViewCell.swift; sourceTree = "<group>"; };
		6A266FEC2794524D00D05B8E /* CatPhoto.swift */ = {isa = PBXFileReference; lastKnownFileType = sourcecode.swift; path = CatPhoto.swift; sourceTree = "<group>"; };
		6A266FEE2794525900D05B8E /* DogPhoto.swift */ = {isa = PBXFileReference; lastKnownFileType = sourcecode.swift; path = DogPhoto.swift; sourceTree = "<group>"; };
		6A266FF32794854C00D05B8E /* Service.swift */ = {isa = PBXFileReference; fileEncoding = 4; lastKnownFileType = sourcecode.swift; path = Service.swift; sourceTree = "<group>"; };
		6A891119278DE75F001DFEED /* 14thWeek.app */ = {isa = PBXFileReference; explicitFileType = wrapper.application; includeInIndex = 0; path = 14thWeek.app; sourceTree = BUILT_PRODUCTS_DIR; };
		6A89111C278DE75F001DFEED /* AppDelegate.swift */ = {isa = PBXFileReference; lastKnownFileType = sourcecode.swift; path = AppDelegate.swift; sourceTree = "<group>"; };
		6A89111E278DE75F001DFEED /* SceneDelegate.swift */ = {isa = PBXFileReference; lastKnownFileType = sourcecode.swift; path = SceneDelegate.swift; sourceTree = "<group>"; };
		6A891120278DE75F001DFEED /* ViewController.swift */ = {isa = PBXFileReference; lastKnownFileType = sourcecode.swift; path = ViewController.swift; sourceTree = "<group>"; };
		6A891125278DE761001DFEED /* Assets.xcassets */ = {isa = PBXFileReference; lastKnownFileType = folder.assetcatalog; path = Assets.xcassets; sourceTree = "<group>"; };
		6A891128278DE761001DFEED /* Base */ = {isa = PBXFileReference; lastKnownFileType = file.storyboard; name = Base; path = Base.lproj/LaunchScreen.storyboard; sourceTree = "<group>"; };
		6A89112A278DE761001DFEED /* Info.plist */ = {isa = PBXFileReference; lastKnownFileType = text.plist.xml; path = Info.plist; sourceTree = "<group>"; };
		B43B239F438EA91672466951 /* Pods-14thWeek.release.xcconfig */ = {isa = PBXFileReference; includeInIndex = 1; lastKnownFileType = text.xcconfig; name = "Pods-14thWeek.release.xcconfig"; path = "Target Support Files/Pods-14thWeek/Pods-14thWeek.release.xcconfig"; sourceTree = "<group>"; };
		BED3A05CFF43C5F4777F592E /* Pods-14thWeek.debug.xcconfig */ = {isa = PBXFileReference; includeInIndex = 1; lastKnownFileType = text.xcconfig; name = "Pods-14thWeek.debug.xcconfig"; path = "Target Support Files/Pods-14thWeek/Pods-14thWeek.debug.xcconfig"; sourceTree = "<group>"; };
		EE1631C490817627BEFFA111 /* Pods_14thWeek.framework */ = {isa = PBXFileReference; explicitFileType = wrapper.framework; includeInIndex = 0; path = Pods_14thWeek.framework; sourceTree = BUILT_PRODUCTS_DIR; };
/* End PBXFileReference section */

/* Begin PBXFrameworksBuildPhase section */
		6A891116278DE75F001DFEED /* Frameworks */ = {
			isa = PBXFrameworksBuildPhase;
			buildActionMask = 2147483647;
			files = (
				AE52BA0B6F03DD4E28724DA1 /* Pods_14thWeek.framework in Frameworks */,
			);
			runOnlyForDeploymentPostprocessing = 0;
		};
/* End PBXFrameworksBuildPhase section */

/* Begin PBXGroup section */
		397053AD38D65A2A2F305922 /* Frameworks */ = {
			isa = PBXGroup;
			children = (
				EE1631C490817627BEFFA111 /* Pods_14thWeek.framework */,
			);
			name = Frameworks;
			sourceTree = "<group>";
		};
		6A266FF02794537D00D05B8E /* Model */ = {
			isa = PBXGroup;
			children = (
				6A266FEC2794524D00D05B8E /* CatPhoto.swift */,
				6A266FEE2794525900D05B8E /* DogPhoto.swift */,
			);
			path = Model;
			sourceTree = "<group>";
		};
		6A266FF12794539200D05B8E /* View */ = {
			isa = PBXGroup;
			children = (
				6A266FE62794424700D05B8E /* CustomTableViewCell.swift */,
			);
			path = View;
			sourceTree = "<group>";
		};
		6A266FF22794539C00D05B8E /* Controller */ = {
			isa = PBXGroup;
			children = (
				6A891120278DE75F001DFEED /* ViewController.swift */,
			);
			path = Controller;
			sourceTree = "<group>";
		};
		6A891110278DE75F001DFEED = {
			isa = PBXGroup;
			children = (
				6A89111B278DE75F001DFEED /* 14thWeek */,
				6A89111A278DE75F001DFEED /* Products */,
				7C29ED0765EC26E2591AA469 /* Pods */,
				397053AD38D65A2A2F305922 /* Frameworks */,
			);
			sourceTree = "<group>";
		};
		6A89111A278DE75F001DFEED /* Products */ = {
			isa = PBXGroup;
			children = (
				6A891119278DE75F001DFEED /* 14thWeek.app */,
			);
			name = Products;
			sourceTree = "<group>";
		};
		6A89111B278DE75F001DFEED /* 14thWeek */ = {
			isa = PBXGroup;
			children = (
				6A266FF22794539C00D05B8E /* Controller */,
				6A266FF12794539200D05B8E /* View */,
				6A266FF02794537D00D05B8E /* Model */,
				6A89111C278DE75F001DFEED /* AppDelegate.swift */,
				6A89111E278DE75F001DFEED /* SceneDelegate.swift */,
				6A891125278DE761001DFEED /* Assets.xcassets */,
				6A891127278DE761001DFEED /* LaunchScreen.storyboard */,
				6A89112A278DE761001DFEED /* Info.plist */,
				6A266FF32794854C00D05B8E /* Service.swift */,
			);
			path = 14thWeek;
			sourceTree = "<group>";
		};
		7C29ED0765EC26E2591AA469 /* Pods */ = {
			isa = PBXGroup;
			children = (
				BED3A05CFF43C5F4777F592E /* Pods-14thWeek.debug.xcconfig */,
				B43B239F438EA91672466951 /* Pods-14thWeek.release.xcconfig */,
			);
			path = Pods;
			sourceTree = "<group>";
		};
/* End PBXGroup section */

/* Begin PBXNativeTarget section */
		6A891118278DE75F001DFEED /* 14thWeek */ = {
			isa = PBXNativeTarget;
			buildConfigurationList = 6A89112D278DE761001DFEED /* Build configuration list for PBXNativeTarget "14thWeek" */;
			buildPhases = (
				7BD6B7045E0C22C3FD9FF5C8 /* [CP] Check Pods Manifest.lock */,
				6A645BEC278DF349001BC238 /* Run SwiftLint */,
				6A891115278DE75F001DFEED /* Sources */,
				6A891116278DE75F001DFEED /* Frameworks */,
				6A891117278DE75F001DFEED /* Resources */,
				D092963910F130EF86AD88D0 /* [CP] Embed Pods Frameworks */,
			);
			buildRules = (
			);
			dependencies = (
			);
			name = 14thWeek;
			productName = 14thWeek;
			productReference = 6A891119278DE75F001DFEED /* 14thWeek.app */;
			productType = "com.apple.product-type.application";
		};
/* End PBXNativeTarget section */

/* Begin PBXProject section */
		6A891111278DE75F001DFEED /* Project object */ = {
			isa = PBXProject;
			attributes = {
				LastSwiftUpdateCheck = 1250;
				LastUpgradeCheck = 1250;
				TargetAttributes = {
					6A891118278DE75F001DFEED = {
						CreatedOnToolsVersion = 12.5.1;
					};
				};
			};
			buildConfigurationList = 6A891114278DE75F001DFEED /* Build configuration list for PBXProject "14thWeek" */;
			compatibilityVersion = "Xcode 9.3";
			developmentRegion = en;
			hasScannedForEncodings = 0;
			knownRegions = (
				en,
				Base,
			);
			mainGroup = 6A891110278DE75F001DFEED;
			productRefGroup = 6A89111A278DE75F001DFEED /* Products */;
			projectDirPath = "";
			projectRoot = "";
			targets = (
				6A891118278DE75F001DFEED /* 14thWeek */,
			);
		};
/* End PBXProject section */

/* Begin PBXResourcesBuildPhase section */
		6A891117278DE75F001DFEED /* Resources */ = {
			isa = PBXResourcesBuildPhase;
			buildActionMask = 2147483647;
			files = (
				6A891129278DE761001DFEED /* LaunchScreen.storyboard in Resources */,
				6A891126278DE761001DFEED /* Assets.xcassets in Resources */,
			);
			runOnlyForDeploymentPostprocessing = 0;
		};
/* End PBXResourcesBuildPhase section */

/* Begin PBXShellScriptBuildPhase section */
		6A645BEC278DF349001BC238 /* Run SwiftLint */ = {
			isa = PBXShellScriptBuildPhase;
			buildActionMask = 2147483647;
			files = (
			);
			inputFileListPaths = (
			);
			inputPaths = (
			);
			name = "Run SwiftLint";
			outputFileListPaths = (
			);
			outputPaths = (
			);
			runOnlyForDeploymentPostprocessing = 0;
			shellPath = /bin/sh;
			shellScript = "\"${PODS_ROOT}/SwiftLint/swiftlint\"\n";
		};
		7BD6B7045E0C22C3FD9FF5C8 /* [CP] Check Pods Manifest.lock */ = {
			isa = PBXShellScriptBuildPhase;
			buildActionMask = 2147483647;
			files = (
			);
			inputFileListPaths = (
			);
			inputPaths = (
				"${PODS_PODFILE_DIR_PATH}/Podfile.lock",
				"${PODS_ROOT}/Manifest.lock",
			);
			name = "[CP] Check Pods Manifest.lock";
			outputFileListPaths = (
			);
			outputPaths = (
				"$(DERIVED_FILE_DIR)/Pods-14thWeek-checkManifestLockResult.txt",
			);
			runOnlyForDeploymentPostprocessing = 0;
			shellPath = /bin/sh;
			shellScript = "diff \"${PODS_PODFILE_DIR_PATH}/Podfile.lock\" \"${PODS_ROOT}/Manifest.lock\" > /dev/null\nif [ $? != 0 ] ; then\n    # print error to STDERR\n    echo \"error: The sandbox is not in sync with the Podfile.lock. Run 'pod install' or update your CocoaPods installation.\" >&2\n    exit 1\nfi\n# This output is used by Xcode 'outputs' to avoid re-running this script phase.\necho \"SUCCESS\" > \"${SCRIPT_OUTPUT_FILE_0}\"\n";
			showEnvVarsInLog = 0;
		};
		D092963910F130EF86AD88D0 /* [CP] Embed Pods Frameworks */ = {
			isa = PBXShellScriptBuildPhase;
			buildActionMask = 2147483647;
			files = (
			);
			inputFileListPaths = (
				"${PODS_ROOT}/Target Support Files/Pods-14thWeek/Pods-14thWeek-frameworks-${CONFIGURATION}-input-files.xcfilelist",
			);
			name = "[CP] Embed Pods Frameworks";
			outputFileListPaths = (
				"${PODS_ROOT}/Target Support Files/Pods-14thWeek/Pods-14thWeek-frameworks-${CONFIGURATION}-output-files.xcfilelist",
			);
			runOnlyForDeploymentPostprocessing = 0;
			shellPath = /bin/sh;
			shellScript = "\"${PODS_ROOT}/Target Support Files/Pods-14thWeek/Pods-14thWeek-frameworks.sh\"\n";
			showEnvVarsInLog = 0;
		};
/* End PBXShellScriptBuildPhase section */

/* Begin PBXSourcesBuildPhase section */
		6A891115278DE75F001DFEED /* Sources */ = {
			isa = PBXSourcesBuildPhase;
			buildActionMask = 2147483647;
			files = (
				6A891121278DE75F001DFEED /* ViewController.swift in Sources */,
				6A266FF42794854C00D05B8E /* Service.swift in Sources */,
				6A266FED2794524D00D05B8E /* CatPhoto.swift in Sources */,
				6A89111D278DE75F001DFEED /* AppDelegate.swift in Sources */,
				6A266FE72794424700D05B8E /* CustomTableViewCell.swift in Sources */,
				6A89111F278DE75F001DFEED /* SceneDelegate.swift in Sources */,
				6A266FEF2794525900D05B8E /* DogPhoto.swift in Sources */,
			);
			runOnlyForDeploymentPostprocessing = 0;
		};
/* End PBXSourcesBuildPhase section */

/* Begin PBXVariantGroup section */
		6A891127278DE761001DFEED /* LaunchScreen.storyboard */ = {
			isa = PBXVariantGroup;
			children = (
				6A891128278DE761001DFEED /* Base */,
			);
			name = LaunchScreen.storyboard;
			sourceTree = "<group>";
		};
/* End PBXVariantGroup section */

/* Begin XCBuildConfiguration section */
		6A89112B278DE761001DFEED /* Debug */ = {
			isa = XCBuildConfiguration;
			buildSettings = {
				ALWAYS_SEARCH_USER_PATHS = NO;
				CLANG_ANALYZER_NONNULL = YES;
				CLANG_ANALYZER_NUMBER_OBJECT_CONVERSION = YES_AGGRESSIVE;
				CLANG_CXX_LANGUAGE_STANDARD = "gnu++14";
				CLANG_CXX_LIBRARY = "libc++";
				CLANG_ENABLE_MODULES = YES;
				CLANG_ENABLE_OBJC_ARC = YES;
				CLANG_ENABLE_OBJC_WEAK = YES;
				CLANG_WARN_BLOCK_CAPTURE_AUTORELEASING = YES;
				CLANG_WARN_BOOL_CONVERSION = YES;
				CLANG_WARN_COMMA = YES;
				CLANG_WARN_CONSTANT_CONVERSION = YES;
				CLANG_WARN_DEPRECATED_OBJC_IMPLEMENTATIONS = YES;
				CLANG_WARN_DIRECT_OBJC_ISA_USAGE = YES_ERROR;
				CLANG_WARN_DOCUMENTATION_COMMENTS = YES;
				CLANG_WARN_EMPTY_BODY = YES;
				CLANG_WARN_ENUM_CONVERSION = YES;
				CLANG_WARN_INFINITE_RECURSION = YES;
				CLANG_WARN_INT_CONVERSION = YES;
				CLANG_WARN_NON_LITERAL_NULL_CONVERSION = YES;
				CLANG_WARN_OBJC_IMPLICIT_RETAIN_SELF = YES;
				CLANG_WARN_OBJC_LITERAL_CONVERSION = YES;
				CLANG_WARN_OBJC_ROOT_CLASS = YES_ERROR;
				CLANG_WARN_QUOTED_INCLUDE_IN_FRAMEWORK_HEADER = YES;
				CLANG_WARN_RANGE_LOOP_ANALYSIS = YES;
				CLANG_WARN_STRICT_PROTOTYPES = YES;
				CLANG_WARN_SUSPICIOUS_MOVE = YES;
				CLANG_WARN_UNGUARDED_AVAILABILITY = YES_AGGRESSIVE;
				CLANG_WARN_UNREACHABLE_CODE = YES;
				CLANG_WARN__DUPLICATE_METHOD_MATCH = YES;
				COPY_PHASE_STRIP = NO;
				DEBUG_INFORMATION_FORMAT = dwarf;
				ENABLE_STRICT_OBJC_MSGSEND = YES;
				ENABLE_TESTABILITY = YES;
				GCC_C_LANGUAGE_STANDARD = gnu11;
				GCC_DYNAMIC_NO_PIC = NO;
				GCC_NO_COMMON_BLOCKS = YES;
				GCC_OPTIMIZATION_LEVEL = 0;
				GCC_PREPROCESSOR_DEFINITIONS = (
					"DEBUG=1",
					"$(inherited)",
				);
				GCC_WARN_64_TO_32_BIT_CONVERSION = YES;
				GCC_WARN_ABOUT_RETURN_TYPE = YES_ERROR;
				GCC_WARN_UNDECLARED_SELECTOR = YES;
				GCC_WARN_UNINITIALIZED_AUTOS = YES_AGGRESSIVE;
				GCC_WARN_UNUSED_FUNCTION = YES;
				GCC_WARN_UNUSED_VARIABLE = YES;
				IPHONEOS_DEPLOYMENT_TARGET = 14.5;
				MTL_ENABLE_DEBUG_INFO = INCLUDE_SOURCE;
				MTL_FAST_MATH = YES;
				ONLY_ACTIVE_ARCH = YES;
				SDKROOT = iphoneos;
				SWIFT_ACTIVE_COMPILATION_CONDITIONS = DEBUG;
				SWIFT_OPTIMIZATION_LEVEL = "-Onone";
			};
			name = Debug;
		};
		6A89112C278DE761001DFEED /* Release */ = {
			isa = XCBuildConfiguration;
			buildSettings = {
				ALWAYS_SEARCH_USER_PATHS = NO;
				CLANG_ANALYZER_NONNULL = YES;
				CLANG_ANALYZER_NUMBER_OBJECT_CONVERSION = YES_AGGRESSIVE;
				CLANG_CXX_LANGUAGE_STANDARD = "gnu++14";
				CLANG_CXX_LIBRARY = "libc++";
				CLANG_ENABLE_MODULES = YES;
				CLANG_ENABLE_OBJC_ARC = YES;
				CLANG_ENABLE_OBJC_WEAK = YES;
				CLANG_WARN_BLOCK_CAPTURE_AUTORELEASING = YES;
				CLANG_WARN_BOOL_CONVERSION = YES;
				CLANG_WARN_COMMA = YES;
				CLANG_WARN_CONSTANT_CONVERSION = YES;
				CLANG_WARN_DEPRECATED_OBJC_IMPLEMENTATIONS = YES;
				CLANG_WARN_DIRECT_OBJC_ISA_USAGE = YES_ERROR;
				CLANG_WARN_DOCUMENTATION_COMMENTS = YES;
				CLANG_WARN_EMPTY_BODY = YES;
				CLANG_WARN_ENUM_CONVERSION = YES;
				CLANG_WARN_INFINITE_RECURSION = YES;
				CLANG_WARN_INT_CONVERSION = YES;
				CLANG_WARN_NON_LITERAL_NULL_CONVERSION = YES;
				CLANG_WARN_OBJC_IMPLICIT_RETAIN_SELF = YES;
				CLANG_WARN_OBJC_LITERAL_CONVERSION = YES;
				CLANG_WARN_OBJC_ROOT_CLASS = YES_ERROR;
				CLANG_WARN_QUOTED_INCLUDE_IN_FRAMEWORK_HEADER = YES;
				CLANG_WARN_RANGE_LOOP_ANALYSIS = YES;
				CLANG_WARN_STRICT_PROTOTYPES = YES;
				CLANG_WARN_SUSPICIOUS_MOVE = YES;
				CLANG_WARN_UNGUARDED_AVAILABILITY = YES_AGGRESSIVE;
				CLANG_WARN_UNREACHABLE_CODE = YES;
				CLANG_WARN__DUPLICATE_METHOD_MATCH = YES;
				COPY_PHASE_STRIP = NO;
				DEBUG_INFORMATION_FORMAT = "dwarf-with-dsym";
				ENABLE_NS_ASSERTIONS = NO;
				ENABLE_STRICT_OBJC_MSGSEND = YES;
				GCC_C_LANGUAGE_STANDARD = gnu11;
				GCC_NO_COMMON_BLOCKS = YES;
				GCC_WARN_64_TO_32_BIT_CONVERSION = YES;
				GCC_WARN_ABOUT_RETURN_TYPE = YES_ERROR;
				GCC_WARN_UNDECLARED_SELECTOR = YES;
				GCC_WARN_UNINITIALIZED_AUTOS = YES_AGGRESSIVE;
				GCC_WARN_UNUSED_FUNCTION = YES;
				GCC_WARN_UNUSED_VARIABLE = YES;
				IPHONEOS_DEPLOYMENT_TARGET = 14.5;
				MTL_ENABLE_DEBUG_INFO = NO;
				MTL_FAST_MATH = YES;
				SDKROOT = iphoneos;
				SWIFT_COMPILATION_MODE = wholemodule;
				SWIFT_OPTIMIZATION_LEVEL = "-O";
				VALIDATE_PRODUCT = YES;
			};
			name = Release;
		};
		6A89112E278DE761001DFEED /* Debug */ = {
			isa = XCBuildConfiguration;
			baseConfigurationReference = BED3A05CFF43C5F4777F592E /* Pods-14thWeek.debug.xcconfig */;
			buildSettings = {
				ASSETCATALOG_COMPILER_APPICON_NAME = AppIcon;
				ASSETCATALOG_COMPILER_GLOBAL_ACCENT_COLOR_NAME = AccentColor;
				CODE_SIGN_STYLE = Automatic;
				DEVELOPMENT_TEAM = T2Z6Q6SV9B;
				INFOPLIST_FILE = 14thWeek/Info.plist;
				LD_RUNPATH_SEARCH_PATHS = (
					"$(inherited)",
					"@executable_path/Frameworks",
				);
				PRODUCT_BUNDLE_IDENTIFIER = "com.mbk.-4thWeek";
				PRODUCT_NAME = "$(TARGET_NAME)";
				SWIFT_VERSION = 5.0;
				TARGETED_DEVICE_FAMILY = "1,2";
			};
			name = Debug;
		};
		6A89112F278DE761001DFEED /* Release */ = {
			isa = XCBuildConfiguration;
			baseConfigurationReference = B43B239F438EA91672466951 /* Pods-14thWeek.release.xcconfig */;
			buildSettings = {
				ASSETCATALOG_COMPILER_APPICON_NAME = AppIcon;
				ASSETCATALOG_COMPILER_GLOBAL_ACCENT_COLOR_NAME = AccentColor;
				CODE_SIGN_STYLE = Automatic;
				DEVELOPMENT_TEAM = T2Z6Q6SV9B;
				INFOPLIST_FILE = 14thWeek/Info.plist;
				LD_RUNPATH_SEARCH_PATHS = (
					"$(inherited)",
					"@executable_path/Frameworks",
				);
				PRODUCT_BUNDLE_IDENTIFIER = "com.mbk.-4thWeek";
				PRODUCT_NAME = "$(TARGET_NAME)";
				SWIFT_VERSION = 5.0;
				TARGETED_DEVICE_FAMILY = "1,2";
			};
			name = Release;
		};
/* End XCBuildConfiguration section */

/* Begin XCConfigurationList section */
		6A891114278DE75F001DFEED /* Build configuration list for PBXProject "14thWeek" */ = {
			isa = XCConfigurationList;
			buildConfigurations = (
				6A89112B278DE761001DFEED /* Debug */,
				6A89112C278DE761001DFEED /* Release */,
			);
			defaultConfigurationIsVisible = 0;
			defaultConfigurationName = Release;
		};
		6A89112D278DE761001DFEED /* Build configuration list for PBXNativeTarget "14thWeek" */ = {
			isa = XCConfigurationList;
			buildConfigurations = (
				6A89112E278DE761001DFEED /* Debug */,
				6A89112F278DE761001DFEED /* Release */,
			);
			defaultConfigurationIsVisible = 0;
			defaultConfigurationName = Release;
		};
/* End XCConfigurationList section */
	};
	rootObject = 6A891111278DE75F001DFEED /* Project object */;
}
